
Microsoft Visual Studio Solution File, Format Version 12.00
# Visual Studio Version 17
VisualStudioVersion = 17.14.37301.10 d17.14
MinimumVisualStudioVersion = 10.0.40219.1
Project("{FAE04EC0-301F-11D3-BF4B-00C04F79EFBC}") = "WinFormsSample", "WinFormsSample.csproj", "{7A351C4A-878F-DECC-D92E-5622B09BEFE4}"
EndProject
Global
	GlobalSection(SolutionConfigurationPlatforms) = preSolution
		Debug|Any CPU = Debug|Any CPU
		Release|Any CPU = Release|Any CPU
	EndGlobalSection
	GlobalSection(ProjectConfigurationPlatforms) = postSolution
		{7A351C4A-878F-DECC-D92E-5622B09BEFE4}.Debug|Any CPU.ActiveCfg = Debug|Any CPU
		{7A351C4A-878F-DECC-D92E-5622B09BEFE4}.Debug|Any CPU.Build.0 = Debug|Any CPU
		{7A351C4A-878F-DECC-D92E-5622B09BEFE4}.Release|Any CPU.ActiveCfg = Release|Any CPU
		{7A351C4A-878F-DECC-D92E-5622B09BEFE4}.Release|Any CPU.Build.0 = Release|Any CPU
	EndGlobalSection
	GlobalSection(SolutionProperties) = preSolution
		HideSolutionNode = FALSE
	EndGlobalSection
	GlobalSection(ExtensibilityGlobals) = postSolution
		SolutionGuid = {63C596D8-75A7-4750-9317-797685F2BC14}
	EndGlobalSection
EndGlobal
